
Microsoft Visual Studio Solution File, Format Version 12.00
# Visual Studio 15
VisualStudioVersion = 15.0.27428.2027
MinimumVisualStudioVersion = 10.0.40219.1
Project("{FAE04EC0-301F-11D3-BF4B-00C04F79EFBC}") = "FinalProject", "FinalProject\FinalProject.csproj", "{A85C0CC2-5026-419A-A319-5D2FC7B9FFC2}"
EndProject
Project("{FAE04EC0-301F-11D3-BF4B-00C04F79EFBC}") = "BusinessLayer", "BusinessLayer\BusinessLayer.csproj", "{90CD1C0E-F4AB-4DB0-A2E3-7C263405CC59}"
EndProject
Project("{FAE04EC0-301F-11D3-BF4B-00C04F79EFBC}") = "DataAccessLayer", "DataAccessLayer\DataAccessLayer.csproj", "{EF796CA5-124C-41F0-B963-923194478F5C}"
EndProject
Project("{FAE04EC0-301F-11D3-BF4B-00C04F79EFBC}") = "Types", "Types\Types.csproj", "{FA10145E-6A22-457E-8D12-1B1D6CE130F8}"
EndProject
Project("{FAE04EC0-301F-11D3-BF4B-00C04F79EFBC}") = "SqlLayer", "SqlLayer\SqlLayer.csproj", "{4129F17B-207A-403D-AFE3-8F9D93BD5047}"
EndProject
Project("{FAE04EC0-301F-11D3-BF4B-00C04F79EFBC}") = "FrontEndDesktop", "FrontEndDesktop\FrontEndDesktop.csproj", "{96CBF26B-C27C-450D-BFB2-1AF1A2C526DA}"
EndProject
Global
	GlobalSection(SolutionConfigurationPlatforms) = preSolution
		Debug|Any CPU = Debug|Any CPU
		Release|Any CPU = Release|Any CPU
	EndGlobalSection
	GlobalSection(ProjectConfigurationPlatforms) = postSolution
		{A85C0CC2-5026-419A-A319-5D2FC7B9FFC2}.Debug|Any CPU.ActiveCfg = Debug|Any CPU
		{A85C0CC2-5026-419A-A319-5D2FC7B9FFC2}.Debug|Any CPU.Build.0 = Debug|Any CPU
		{A85C0CC2-5026-419A-A319-5D2FC7B9FFC2}.Release|Any CPU.ActiveCfg = Release|Any CPU
		{A85C0CC2-5026-419A-A319-5D2FC7B9FFC2}.Release|Any CPU.Build.0 = Release|Any CPU
		{90CD1C0E-F4AB-4DB0-A2E3-7C263405CC59}.Debug|Any CPU.ActiveCfg = Debug|Any CPU
		{90CD1C0E-F4AB-4DB0-A2E3-7C263405CC59}.Debug|Any CPU.Build.0 = Debug|Any CPU
		{90CD1C0E-F4AB-4DB0-A2E3-7C263405CC59}.Release|Any CPU.ActiveCfg = Release|Any CPU
		{90CD1C0E-F4AB-4DB0-A2E3-7C263405CC59}.Release|Any CPU.Build.0 = Release|Any CPU
		{EF796CA5-124C-41F0-B963-923194478F5C}.Debug|Any CPU.ActiveCfg = Debug|Any CPU
		{EF796CA5-124C-41F0-B963-923194478F5C}.Debug|Any CPU.Build.0 = Debug|Any CPU
		{EF796CA5-124C-41F0-B963-923194478F5C}.Release|Any CPU.ActiveCfg = Release|Any CPU
		{EF796CA5-124C-41F0-B963-923194478F5C}.Release|Any CPU.Build.0 = Release|Any CPU
		{FA10145E-6A22-457E-8D12-1B1D6CE130F8}.Debug|Any CPU.ActiveCfg = Debug|Any CPU
		{FA10145E-6A22-457E-8D12-1B1D6CE130F8}.Debug|Any CPU.Build.0 = Debug|Any CPU
		{FA10145E-6A22-457E-8D12-1B1D6CE130F8}.Release|Any CPU.ActiveCfg = Release|Any CPU
		{FA10145E-6A22-457E-8D12-1B1D6CE130F8}.Release|Any CPU.Build.0 = Release|Any CPU
		{4129F17B-207A-403D-AFE3-8F9D93BD5047}.Debug|Any CPU.ActiveCfg = Debug|Any CPU
		{4129F17B-207A-403D-AFE3-8F9D93BD5047}.Debug|Any CPU.Build.0 = Debug|Any CPU
		{4129F17B-207A-403D-AFE3-8F9D93BD5047}.Release|Any CPU.ActiveCfg = Release|Any CPU
		{4129F17B-207A-403D-AFE3-8F9D93BD5047}.Release|Any CPU.Build.0 = Release|Any CPU
		{96CBF26B-C27C-450D-BFB2-1AF1A2C526DA}.Debug|Any CPU.ActiveCfg = Debug|Any CPU
		{96CBF26B-C27C-450D-BFB2-1AF1A2C526DA}.Debug|Any CPU.Build.0 = Debug|Any CPU
		{96CBF26B-C27C-450D-BFB2-1AF1A2C526DA}.Release|Any CPU.ActiveCfg = Release|Any CPU
		{96CBF26B-C27C-450D-BFB2-1AF1A2C526DA}.Release|Any CPU.Build.0 = Release|Any CPU
	EndGlobalSection
	GlobalSection(SolutionProperties) = preSolution
		HideSolutionNode = FALSE
	EndGlobalSection
	GlobalSection(ExtensibilityGlobals) = postSolution
		SolutionGuid = {FD7A608E-1814-4489-985F-477119BD0D82}
	EndGlobalSection
EndGlobal
